Microsoft Visual Studio Solution File, Format Version 12.00
# Visual Studio Version 17
VisualStudioVersion = 17.10.34916.146
MinimumVisualStudioVersion = 10.0.40219.1
Project("{9A19103F-16F7-4668-BE54-9A1E7A4F7556}") = "DotNetCampus.CodeAnalysisUtils", "src\DotNetCampus.CodeAnalysisUtils\DotNetCampus.CodeAnalysisUtils.csproj", "{96D6B633-B848-484B-B6C5-50CDB69338E6}"
EndProject
Project("{2150E333-8FDC-42A3-9474-1A3956D46DE8}") = "build", "build", "{6E7697B2-AB98-4292-859F-2DF130506A83}"
	ProjectSection(SolutionItems) = preProject
		.gitattributes = .gitattributes
		.gitignore = .gitignore
		build\Version.props = build\Version.props
		Directory.Build.props = Directory.Build.props
		README.md = README.md
		Directory.Packages.props = Directory.Packages.props
	EndProjectSection
EndProject
Project("{2150E333-8FDC-42A3-9474-1A3956D46DE8}") = "tests", "tests", "{A6089B7E-9528-4B78-9B8E-C9C173D9D3B4}"
EndProject
Project("{FAE04EC0-301F-11D3-BF4B-00C04F79EFBC}") = "DotNetCampus.CodeAnalysis.Tests", "tests\DotNetCampus.CodeAnalysis.Tests\DotNetCampus.CodeAnalysis.Tests.csproj", "{287E7364-300A-47EE-9EBD-51B99CB7C7E7}"
EndProject
Global
	GlobalSection(ExtensibilityGlobals) = postSolution
		SolutionGuid = {74F16CF5-45E1-4E2C-93E6-B48A39A66B46}
	EndGlobalSection
	GlobalSection(SolutionConfigurationPlatforms) = preSolution
		Debug|Any CPU = Debug|Any CPU
		Release|Any CPU = Release|Any CPU
	EndGlobalSection
	GlobalSection(ProjectConfigurationPlatforms) = postSolution
		{96D6B633-B848-484B-B6C5-50CDB69338E6}.Debug|Any CPU.ActiveCfg = Debug|Any CPU
		{96D6B633-B848-484B-B6C5-50CDB69338E6}.Debug|Any CPU.Build.0 = Debug|Any CPU
		{96D6B633-B848-484B-B6C5-50CDB69338E6}.Release|Any CPU.ActiveCfg = Release|Any CPU
		{96D6B633-B848-484B-B6C5-50CDB69338E6}.Release|Any CPU.Build.0 = Release|Any CPU
		{287E7364-300A-47EE-9EBD-51B99CB7C7E7}.Debug|Any CPU.ActiveCfg = Debug|Any CPU
		{287E7364-300A-47EE-9EBD-51B99CB7C7E7}.Debug|Any CPU.Build.0 = Debug|Any CPU
		{287E7364-300A-47EE-9EBD-51B99CB7C7E7}.Release|Any CPU.ActiveCfg = Release|Any CPU
		{287E7364-300A-47EE-9EBD-51B99CB7C7E7}.Release|Any CPU.Build.0 = Release|Any CPU
	EndGlobalSection
	GlobalSection(NestedProjects) = preSolution
		{287E7364-300A-47EE-9EBD-51B99CB7C7E7} = {A6089B7E-9528-4B78-9B8E-C9C173D9D3B4}
	EndGlobalSection
	GlobalSection(SolutionProperties) = preSolution
		HideSolutionNode = FALSE
	EndGlobalSection
EndGlobal
